// !$*UTF8*$!
{
	archiveVersion = 1;
	classes = {
	};
	objectVersion = 48;
	objects = {

/* Begin PBXBuildFile section */
		1F19590F201C14EC007E82AE /* DateExtension.swift in Sources */ = {isa = PBXBuildFile; fileRef = 1F19590E201C14EC007E82AE /* DateExtension.swift */; };
		1F195911201C26FB007E82AE /* Datefinder.swift in Sources */ = {isa = PBXBuildFile; fileRef = 1F195910201C26FB007E82AE /* Datefinder.swift */; };
		1F195917201C2782007E82AE /* datefinder.py in Resources */ = {isa = PBXBuildFile; fileRef = 1F195916201C2782007E82AE /* datefinder.py */; };
		1F19591D201C2AB4007E82AE /* ChronoParsedResult.swift in Sources */ = {isa = PBXBuildFile; fileRef = 1F195919201C2AB4007E82AE /* ChronoParsedResult.swift */; };
		1F19591E201C2AB4007E82AE /* chrono.min.js in Resources */ = {isa = PBXBuildFile; fileRef = 1F19591B201C2AB4007E82AE /* chrono.min.js */; };
		1F19591F201C2AB4007E82AE /* Chrono.swift in Sources */ = {isa = PBXBuildFile; fileRef = 1F19591C201C2AB4007E82AE /* Chrono.swift */; };
		1F1C1B9A202235760043B1B0 /* SettingsViewController.swift in Sources */ = {isa = PBXBuildFile; fileRef = 1F1C1B99202235760043B1B0 /* SettingsViewController.swift */; };
		1F1C1B9C2022372A0043B1B0 /* DateFormatterExtension.swift in Sources */ = {isa = PBXBuildFile; fileRef = 1F1C1B9B2022372A0043B1B0 /* DateFormatterExtension.swift */; };
		1F3E959A2018D66400B5BD84 /* AppDelegate.swift in Sources */ = {isa = PBXBuildFile; fileRef = 1F3E95992018D66400B5BD84 /* AppDelegate.swift */; };
		1F3E959C2018D66400B5BD84 /* ViewController.swift in Sources */ = {isa = PBXBuildFile; fileRef = 1F3E959B2018D66400B5BD84 /* ViewController.swift */; };
		1F3E959F2018D66400B5BD84 /* Main.storyboard in Resources */ = {isa = PBXBuildFile; fileRef = 1F3E959D2018D66400B5BD84 /* Main.storyboard */; };
		1F3E95A12018D66400B5BD84 /* Assets.xcassets in Resources */ = {isa = PBXBuildFile; fileRef = 1F3E95A02018D66400B5BD84 /* Assets.xcassets */; };
		1F3E95A42018D66400B5BD84 /* LaunchScreen.storyboard in Resources */ = {isa = PBXBuildFile; fileRef = 1F3E95A22018D66400B5BD84 /* LaunchScreen.storyboard */; };
		1F3E95A92018D66400B5BD84 /* TacTimeWatch WatchKit App.app in Embed Watch Content */ = {isa = PBXBuildFile; fileRef = 1F3E95A82018D66400B5BD84 /* TacTimeWatch WatchKit App.app */; };
		1F3E95AF2018D66400B5BD84 /* Interface.storyboard in Resources */ = {isa = PBXBuildFile; fileRef = 1F3E95AD2018D66400B5BD84 /* Interface.storyboard */; };
		1F3E95B12018D66400B5BD84 /* Assets.xcassets in Resources */ = {isa = PBXBuildFile; fileRef = 1F3E95B02018D66400B5BD84 /* Assets.xcassets */; };
		1F3E95B82018D66400B5BD84 /* TacTimeWatch WatchKit Extension.appex in Embed App Extensions */ = {isa = PBXBuildFile; fileRef = 1F3E95B72018D66400B5BD84 /* TacTimeWatch WatchKit Extension.appex */; settings = {ATTRIBUTES = (RemoveHeadersOnCopy, ); }; };
		1F3E95BD2018D66400B5BD84 /* InterfaceController.swift in Sources */ = {isa = PBXBuildFile; fileRef = 1F3E95BC2018D66400B5BD84 /* InterfaceController.swift */; };
		1F3E95BF2018D66400B5BD84 /* ExtensionDelegate.swift in Sources */ = {isa = PBXBuildFile; fileRef = 1F3E95BE2018D66400B5BD84 /* ExtensionDelegate.swift */; };
		1F3E95C12018D66400B5BD84 /* NotificationController.swift in Sources */ = {isa = PBXBuildFile; fileRef = 1F3E95C02018D66400B5BD84 /* NotificationController.swift */; };
		1F3E95C32018D66400B5BD84 /* ComplicationController.swift in Sources */ = {isa = PBXBuildFile; fileRef = 1F3E95C22018D66400B5BD84 /* ComplicationController.swift */; };
		1F3E95C52018D66400B5BD84 /* Assets.xcassets in Resources */ = {isa = PBXBuildFile; fileRef = 1F3E95C42018D66400B5BD84 /* Assets.xcassets */; };
		1F3E95D92018E2FE00B5BD84 /* WatchCoreDataModel.xcdatamodeld in Sources */ = {isa = PBXBuildFile; fileRef = 1F3E95D72018E2FE00B5BD84 /* WatchCoreDataModel.xcdatamodeld */; };
		1F3E95EB2018FDA300B5BD84 /* WatchDataModel+CoreDataProperties.swift in Sources */ = {isa = PBXBuildFile; fileRef = 1F3E95E62018E7B300B5BD84 /* WatchDataModel+CoreDataProperties.swift */; };
		1F3E95EC2018FDA300B5BD84 /* WatchDataModel+CoreDataClass.swift in Sources */ = {isa = PBXBuildFile; fileRef = 1F3E95E52018E7B300B5BD84 /* WatchDataModel+CoreDataClass.swift */; };
		1F3E95EE201900A100B5BD84 /* WatchDataTableViewCell.swift in Sources */ = {isa = PBXBuildFile; fileRef = 1F3E95ED201900A100B5BD84 /* WatchDataTableViewCell.swift */; };
/* End PBXBuildFile section */

/* Begin PBXContainerItemProxy section */
		1F3E95AA2018D66400B5BD84 /* PBXContainerItemProxy */ = {
			isa = PBXContainerItemProxy;
			containerPortal = 1F3E958E2018D66400B5BD84 /* Project object */;
			proxyType = 1;
			remoteGlobalIDString = 1F3E95A72018D66400B5BD84;
			remoteInfo = "TacTimeWatch WatchKit App";
		};
		1F3E95B92018D66400B5BD84 /* PBXContainerItemProxy */ = {
			isa = PBXContainerItemProxy;
			containerPortal = 1F3E958E2018D66400B5BD84 /* Project object */;
			proxyType = 1;
			remoteGlobalIDString = 1F3E95B62018D66400B5BD84;
			remoteInfo = "TacTimeWatch WatchKit Extension";
		};
/* End PBXContainerItemProxy section */

/* Begin PBXCopyFilesBuildPhase section */
		1F3E95CD2018D66400B5BD84 /* Embed App Extensions */ = {
			isa = PBXCopyFilesBuildPhase;
			buildActionMask = 2147483647;
			dstPath = "";
			dstSubfolderSpec = 13;
			files = (
				1F3E95B82018D66400B5BD84 /* TacTimeWatch WatchKit Extension.appex in Embed App Extensions */,
			);
			name = "Embed App Extensions";
			runOnlyForDeploymentPostprocessing = 0;
		};
		1F3E95D12018D66400B5BD84 /* Embed Watch Content */ = {
			isa = PBXCopyFilesBuildPhase;
			buildActionMask = 2147483647;
			dstPath = "$(CONTENTS_FOLDER_PATH)/Watch";
			dstSubfolderSpec = 16;
			files = (
				1F3E95A92018D66400B5BD84 /* TacTimeWatch WatchKit App.app in Embed Watch Content */,
			);
			name = "Embed Watch Content";
			runOnlyForDeploymentPostprocessing = 0;
		};
/* End PBXCopyFilesBuildPhase section */

/* Begin PBXFileReference section */
		1F19590E201C14EC007E82AE /* DateExtension.swift */ = {isa = PBXFileReference; lastKnownFileType = sourcecode.swift; path = DateExtension.swift; sourceTree = "<group>"; };
		1F195910201C26FB007E82AE /* Datefinder.swift */ = {isa = PBXFileReference; lastKnownFileType = sourcecode.swift; path = Datefinder.swift; sourceTree = "<group>"; };
		1F195916201C2782007E82AE /* datefinder.py */ = {isa = PBXFileReference; fileEncoding = 4; lastKnownFileType = text.script.python; path = datefinder.py; sourceTree = "<group>"; };
		1F195919201C2AB4007E82AE /* ChronoParsedResult.swift */ = {isa = PBXFileReference; fileEncoding = 4; lastKnownFileType = sourcecode.swift; path = ChronoParsedResult.swift; sourceTree = "<group>"; };
		1F19591B201C2AB4007E82AE /* chrono.min.js */ = {isa = PBXFileReference; fileEncoding = 4; lastKnownFileType = sourcecode.javascript; path = chrono.min.js; sourceTree = "<group>"; };
		1F19591C201C2AB4007E82AE /* Chrono.swift */ = {isa = PBXFileReference; fileEncoding = 4; lastKnownFileType = sourcecode.swift; path = Chrono.swift; sourceTree = "<group>"; };
		1F1C1B99202235760043B1B0 /* SettingsViewController.swift */ = {isa = PBXFileReference; fileEncoding = 4; lastKnownFileType = sourcecode.swift; path = SettingsViewController.swift; sourceTree = "<group>"; };
		1F1C1B9B2022372A0043B1B0 /* DateFormatterExtension.swift */ = {isa = PBXFileReference; lastKnownFileType = sourcecode.swift; path = DateFormatterExtension.swift; sourceTree = "<group>"; };
		1F3E95962018D66400B5BD84 /* TacTimeWatch.app */ = {isa = PBXFileReference; explicitFileType = wrapper.application; includeInIndex = 0; path = TacTimeWatch.app; sourceTree = BUILT_PRODUCTS_DIR; };
		1F3E95992018D66400B5BD84 /* AppDelegate.swift */ = {isa = PBXFileReference; lastKnownFileType = sourcecode.swift; path = AppDelegate.swift; sourceTree = "<group>"; };
		1F3E959B2018D66400B5BD84 /* ViewController.swift */ = {isa = PBXFileReference; lastKnownFileType = sourcecode.swift; path = ViewController.swift; sourceTree = "<group>"; };
		1F3E959E2018D66400B5BD84 /* Base */ = {isa = PBXFileReference; lastKnownFileType = file.storyboard; name = Base; path = Base.lproj/Main.storyboard; sourceTree = "<group>"; };
		1F3E95A02018D66400B5BD84 /* Assets.xcassets */ = {isa = PBXFileReference; lastKnownFileType = folder.assetcatalog; path = Assets.xcassets; sourceTree = "<group>"; };
		1F3E95A32018D66400B5BD84 /* Base */ = {isa = PBXFileReference; lastKnownFileType = file.storyboard; name = Base; path = Base.lproj/LaunchScreen.storyboard; sourceTree = "<group>"; };
		1F3E95A52018D66400B5BD84 /* Info.plist */ = {isa = PBXFileReference; lastKnownFileType = text.plist.xml; path = Info.plist; sourceTree = "<group>"; };
		1F3E95A82018D66400B5BD84 /* TacTimeWatch WatchKit App.app */ = {isa = PBXFileReference; explicitFileType = wrapper.application; includeInIndex = 0; path = "TacTimeWatch WatchKit App.app"; sourceTree = BUILT_PRODUCTS_DIR; };
		1F3E95AE2018D66400B5BD84 /* Base */ = {isa = PBXFileReference; lastKnownFileType = file.storyboard; name = Base; path = Base.lproj/Interface.storyboard; sourceTree = "<group>"; };
		1F3E95B02018D66400B5BD84 /* Assets.xcassets */ = {isa = PBXFileReference; lastKnownFileType = folder.assetcatalog; path = Assets.xcassets; sourceTree = "<group>"; };
		1F3E95B22018D66400B5BD84 /* Info.plist */ = {isa = PBXFileReference; lastKnownFileType = text.plist.xml; path = Info.plist; sourceTree = "<group>"; };
		1F3E95B72018D66400B5BD84 /* TacTimeWatch WatchKit Extension.appex */ = {isa = PBXFileReference; explicitFileType = "wrapper.app-extension"; includeInIndex = 0; path = "TacTimeWatch WatchKit Extension.appex"; sourceTree = BUILT_PRODUCTS_DIR; };
		1F3E95BC2018D66400B5BD84 /* InterfaceController.swift */ = {isa = PBXFileReference; lastKnownFileType = sourcecode.swift; path = InterfaceController.swift; sourceTree = "<group>"; };
		1F3E95BE2018D66400B5BD84 /* ExtensionDelegate.swift */ = {isa = PBXFileReference; lastKnownFileType = sourcecode.swift; path = ExtensionDelegate.swift; sourceTree = "<group>"; };
		1F3E95C02018D66400B5BD84 /* NotificationController.swift */ = {isa = PBXFileReference; lastKnownFileType = sourcecode.swift; path = NotificationController.swift; sourceTree = "<group>"; };
		1F3E95C22018D66400B5BD84 /* ComplicationController.swift */ = {isa = PBXFileReference; lastKnownFileType = sourcecode.swift; path = ComplicationController.swift; sourceTree = "<group>"; };
		1F3E95C42018D66400B5BD84 /* Assets.xcassets */ = {isa = PBXFileReference; lastKnownFileType = folder.assetcatalog; path = Assets.xcassets; sourceTree = "<group>"; };
		1F3E95C62018D66400B5BD84 /* Info.plist */ = {isa = PBXFileReference; lastKnownFileType = text.plist.xml; path = Info.plist; sourceTree = "<group>"; };
		1F3E95C72018D66400B5BD84 /* PushNotificationPayload.apns */ = {isa = PBXFileReference; lastKnownFileType = text; path = PushNotificationPayload.apns; sourceTree = "<group>"; };
		1F3E95D82018E2FE00B5BD84 /* WatchCoreDataModel.xcdatamodel */ = {isa = PBXFileReference; lastKnownFileType = wrapper.xcdatamodel; path = WatchCoreDataModel.xcdatamodel; sourceTree = "<group>"; };
		1F3E95DE2018E71C00B5BD84 /* TacTimeWatch WatchKit App-Bridging-Header.h */ = {isa = PBXFileReference; lastKnownFileType = sourcecode.c.h; path = "TacTimeWatch WatchKit App-Bridging-Header.h"; sourceTree = "<group>"; };
		1F3E95E52018E7B300B5BD84 /* WatchDataModel+CoreDataClass.swift */ = {isa = PBXFileReference; lastKnownFileType = sourcecode.swift; path = "WatchDataModel+CoreDataClass.swift"; sourceTree = "<group>"; };
		1F3E95E62018E7B300B5BD84 /* WatchDataModel+CoreDataProperties.swift */ = {isa = PBXFileReference; lastKnownFileType = sourcecode.swift; path = "WatchDataModel+CoreDataProperties.swift"; sourceTree = "<group>"; };
		1F3E95ED201900A100B5BD84 /* WatchDataTableViewCell.swift */ = {isa = PBXFileReference; lastKnownFileType = sourcecode.swift; path = WatchDataTableViewCell.swift; sourceTree = "<group>"; };
/* End PBXFileReference section */

/* Begin PBXFrameworksBuildPhase section */
		1F3E95932018D66400B5BD84 /* Frameworks */ = {
			isa = PBXFrameworksBuildPhase;
			buildActionMask = 2147483647;
			files = (
			);
			runOnlyForDeploymentPostprocessing = 0;
		};
		1F3E95B42018D66400B5BD84 /* Frameworks */ = {
			isa = PBXFrameworksBuildPhase;
			buildActionMask = 2147483647;
			files = (
			);
			runOnlyForDeploymentPostprocessing = 0;
		};
/* End PBXFrameworksBuildPhase section */

/* Begin PBXGroup section */
		1F195918201C2AB4007E82AE /* Chrono */ = {
			isa = PBXGroup;
			children = (
				1F195919201C2AB4007E82AE /* ChronoParsedResult.swift */,
				1F19591A201C2AB4007E82AE /* ChronoJS */,
				1F19591C201C2AB4007E82AE /* Chrono.swift */,
			);
			path = Chrono;
			sourceTree = "<group>";
		};
		1F19591A201C2AB4007E82AE /* ChronoJS */ = {
			isa = PBXGroup;
			children = (
				1F19591B201C2AB4007E82AE /* chrono.min.js */,
			);
			path = ChronoJS;
			sourceTree = "<group>";
		};
		1F3E958D2018D66400B5BD84 = {
			isa = PBXGroup;
			children = (
				1F3E95982018D66400B5BD84 /* TacTimeWatch */,
				1F3E95AC2018D66400B5BD84 /* TacTimeWatch WatchKit App */,
				1F3E95BB2018D66400B5BD84 /* TacTimeWatch WatchKit Extension */,
				1F3E95972018D66400B5BD84 /* Products */,
				1F3E95DE2018E71C00B5BD84 /* TacTimeWatch WatchKit App-Bridging-Header.h */,
			);
			sourceTree = "<group>";
		};
		1F3E95972018D66400B5BD84 /* Products */ = {
			isa = PBXGroup;
			children = (
				1F3E95962018D66400B5BD84 /* TacTimeWatch.app */,
				1F3E95A82018D66400B5BD84 /* TacTimeWatch WatchKit App.app */,
				1F3E95B72018D66400B5BD84 /* TacTimeWatch WatchKit Extension.appex */,
			);
			name = Products;
			sourceTree = "<group>";
		};
		1F3E95982018D66400B5BD84 /* TacTimeWatch */ = {
			isa = PBXGroup;
			children = (
				1F1C1B99202235760043B1B0 /* SettingsViewController.swift */,
				1F195918201C2AB4007E82AE /* Chrono */,
				1F195916201C2782007E82AE /* datefinder.py */,
				1F3E95E52018E7B300B5BD84 /* WatchDataModel+CoreDataClass.swift */,
				1F3E95E62018E7B300B5BD84 /* WatchDataModel+CoreDataProperties.swift */,
				1F3E95992018D66400B5BD84 /* AppDelegate.swift */,
				1F3E959B2018D66400B5BD84 /* ViewController.swift */,
				1F3E959D2018D66400B5BD84 /* Main.storyboard */,
				1F3E95A02018D66400B5BD84 /* Assets.xcassets */,
				1F3E95A22018D66400B5BD84 /* LaunchScreen.storyboard */,
				1F3E95A52018D66400B5BD84 /* Info.plist */,
				1F3E95ED201900A100B5BD84 /* WatchDataTableViewCell.swift */,
				1F3E95D72018E2FE00B5BD84 /* WatchCoreDataModel.xcdatamodeld */,
				1F19590E201C14EC007E82AE /* DateExtension.swift */,
				1F195910201C26FB007E82AE /* Datefinder.swift */,
				1F1C1B9B2022372A0043B1B0 /* DateFormatterExtension.swift */,
			);
			path = TacTimeWatch;
			sourceTree = "<group>";
		};
		1F3E95AC2018D66400B5BD84 /* TacTimeWatch WatchKit App */ = {
			isa = PBXGroup;
			children = (
				1F3E95AD2018D66400B5BD84 /* Interface.storyboard */,
				1F3E95B02018D66400B5BD84 /* Assets.xcassets */,
				1F3E95B22018D66400B5BD84 /* Info.plist */,
			);
			path = "TacTimeWatch WatchKit App";
			sourceTree = "<group>";
		};
		1F3E95BB2018D66400B5BD84 /* TacTimeWatch WatchKit Extension */ = {
			isa = PBXGroup;
			children = (
				1F3E95BC2018D66400B5BD84 /* InterfaceController.swift */,
				1F3E95BE2018D66400B5BD84 /* ExtensionDelegate.swift */,
				1F3E95C02018D66400B5BD84 /* NotificationController.swift */,
				1F3E95C22018D66400B5BD84 /* ComplicationController.swift */,
				1F3E95C42018D66400B5BD84 /* Assets.xcassets */,
				1F3E95C62018D66400B5BD84 /* Info.plist */,
				1F3E95C72018D66400B5BD84 /* PushNotificationPayload.apns */,
			);
			path = "TacTimeWatch WatchKit Extension";
			sourceTree = "<group>";
		};
/* End PBXGroup section */

/* Begin PBXNativeTarget section */
		1F3E95952018D66400B5BD84 /* TacTimeWatch */ = {
			isa = PBXNativeTarget;
			buildConfigurationList = 1F3E95D22018D66400B5BD84 /* Build configuration list for PBXNativeTarget "TacTimeWatch" */;
			buildPhases = (
				1F3E95922018D66400B5BD84 /* Sources */,
				1F3E95932018D66400B5BD84 /* Frameworks */,
				1F3E95942018D66400B5BD84 /* Resources */,
				1F3E95D12018D66400B5BD84 /* Embed Watch Content */,
			);
			buildRules = (
			);
			dependencies = (
				1F3E95AB2018D66400B5BD84 /* PBXTargetDependency */,
			);
			name = TacTimeWatch;
			productName = TacTimeWatch;
			productReference = 1F3E95962018D66400B5BD84 /* TacTimeWatch.app */;
			productType = "com.apple.product-type.application";
		};
		1F3E95A72018D66400B5BD84 /* TacTimeWatch WatchKit App */ = {
			isa = PBXNativeTarget;
			buildConfigurationList = 1F3E95CE2018D66400B5BD84 /* Build configuration list for PBXNativeTarget "TacTimeWatch WatchKit App" */;
			buildPhases = (
				1F3E95A62018D66400B5BD84 /* Resources */,
				1F3E95CD2018D66400B5BD84 /* Embed App Extensions */,
			);
			buildRules = (
			);
			dependencies = (
				1F3E95BA2018D66400B5BD84 /* PBXTargetDependency */,
			);
			name = "TacTimeWatch WatchKit App";
			productName = "TacTimeWatch WatchKit App";
			productReference = 1F3E95A82018D66400B5BD84 /* TacTimeWatch WatchKit App.app */;
			productType = "com.apple.product-type.application.watchapp2";
		};
		1F3E95B62018D66400B5BD84 /* TacTimeWatch WatchKit Extension */ = {
			isa = PBXNativeTarget;
			buildConfigurationList = 1F3E95CA2018D66400B5BD84 /* Build configuration list for PBXNativeTarget "TacTimeWatch WatchKit Extension" */;
			buildPhases = (
				1F3E95B32018D66400B5BD84 /* Sources */,
				1F3E95B42018D66400B5BD84 /* Frameworks */,
				1F3E95B52018D66400B5BD84 /* Resources */,
			);
			buildRules = (
			);
			dependencies = (
			);
			name = "TacTimeWatch WatchKit Extension";
			productName = "TacTimeWatch WatchKit Extension";
			productReference = 1F3E95B72018D66400B5BD84 /* TacTimeWatch WatchKit Extension.appex */;
			productType = "com.apple.product-type.watchkit2-extension";
		};
/* End PBXNativeTarget section */

/* Begin PBXProject section */
		1F3E958E2018D66400B5BD84 /* Project object */ = {
			isa = PBXProject;
			attributes = {
				LastSwiftUpdateCheck = 0920;
				LastUpgradeCheck = 0920;
				ORGANIZATIONNAME = "bibek timalsina";
				TargetAttributes = {
					1F3E95952018D66400B5BD84 = {
						CreatedOnToolsVersion = 9.2;
						ProvisioningStyle = Automatic;
					};
					1F3E95A72018D66400B5BD84 = {
						CreatedOnToolsVersion = 9.2;
						LastSwiftMigration = 0920;
						ProvisioningStyle = Automatic;
					};
					1F3E95B62018D66400B5BD84 = {
						CreatedOnToolsVersion = 9.2;
						ProvisioningStyle = Automatic;
					};
				};
			};
			buildConfigurationList = 1F3E95912018D66400B5BD84 /* Build configuration list for PBXProject "TacTimeWatch" */;
			compatibilityVersion = "Xcode 8.0";
			developmentRegion = en;
			hasScannedForEncodings = 0;
			knownRegions = (
				en,
				Base,
			);
			mainGroup = 1F3E958D2018D66400B5BD84;
			productRefGroup = 1F3E95972018D66400B5BD84 /* Products */;
			projectDirPath = "";
			projectRoot = "";
			targets = (
				1F3E95952018D66400B5BD84 /* TacTimeWatch */,
				1F3E95A72018D66400B5BD84 /* TacTimeWatch WatchKit App */,
				1F3E95B62018D66400B5BD84 /* TacTimeWatch WatchKit Extension */,
			);
		};
/* End PBXProject section */

/* Begin PBXResourcesBuildPhase section */
		1F3E95942018D66400B5BD84 /* Resources */ = {
			isa = PBXResourcesBuildPhase;
			buildActionMask = 2147483647;
			files = (
				1F195917201C2782007E82AE /* datefinder.py in Resources */,
				1F3E95A42018D66400B5BD84 /* LaunchScreen.storyboard in Resources */,
				1F3E95A12018D66400B5BD84 /* Assets.xcassets in Resources */,
				1F3E959F2018D66400B5BD84 /* Main.storyboard in Resources */,
				1F19591E201C2AB4007E82AE /* chrono.min.js in Resources */,
			);
			runOnlyForDeploymentPostprocessing = 0;
		};
		1F3E95A62018D66400B5BD84 /* Resources */ = {
			isa = PBXResourcesBuildPhase;
			buildActionMask = 2147483647;
			files = (
				1F3E95B12018D66400B5BD84 /* Assets.xcassets in Resources */,
				1F3E95AF2018D66400B5BD84 /* Interface.storyboard in Resources */,
			);
			runOnlyForDeploymentPostprocessing = 0;
		};
		1F3E95B52018D66400B5BD84 /* Resources */ = {
			isa = PBXResourcesBuildPhase;
			buildActionMask = 2147483647;
			files = (
				1F3E95C52018D66400B5BD84 /* Assets.xcassets in Resources */,
			);
			runOnlyForDeploymentPostprocessing = 0;
		};
/* End PBXResourcesBuildPhase section */

/* Begin PBXSourcesBuildPhase section */
		1F3E95922018D66400B5BD84 /* Sources */ = {
			isa = PBXSourcesBuildPhase;
			buildActionMask = 2147483647;
			files = (
				1F19591D201C2AB4007E82AE /* ChronoParsedResult.swift in Sources */,
				1F3E95D92018E2FE00B5BD84 /* WatchCoreDataModel.xcdatamodeld in Sources */,
				1F1C1B9C2022372A0043B1B0 /* DateFormatterExtension.swift in Sources */,
				1F1C1B9A202235760043B1B0 /* SettingsViewController.swift in Sources */,
				1F195911201C26FB007E82AE /* Datefinder.swift in Sources */,
				1F19590F201C14EC007E82AE /* DateExtension.swift in Sources */,
				1F3E95EE201900A100B5BD84 /* WatchDataTableViewCell.swift in Sources */,
				1F3E95EC2018FDA300B5BD84 /* WatchDataModel+CoreDataClass.swift in Sources */,
				1F19591F201C2AB4007E82AE /* Chrono.swift in Sources */,
				1F3E959C2018D66400B5BD84 /* ViewController.swift in Sources */,
				1F3E959A2018D66400B5BD84 /* AppDelegate.swift in Sources */,
				1F3E95EB2018FDA300B5BD84 /* WatchDataModel+CoreDataProperties.swift in Sources */,
			);
			runOnlyForDeploymentPostprocessing = 0;
		};
		1F3E95B32018D66400B5BD84 /* Sources */ = {
			isa = PBXSourcesBuildPhase;
			buildActionMask = 2147483647;
			files = (
				1F3E95C12018D66400B5BD84 /* NotificationController.swift in Sources */,
				1F3E95C32018D66400B5BD84 /* ComplicationController.swift in Sources */,
				1F3E95BF2018D66400B5BD84 /* ExtensionDelegate.swift in Sources */,
				1F3E95BD2018D66400B5BD84 /* InterfaceController.swift in Sources */,
			);
			runOnlyForDeploymentPostprocessing = 0;
		};
/* End PBXSourcesBuildPhase section */

/* Begin PBXTargetDependency section */
		1F3E95AB2018D66400B5BD84 /* PBXTargetDependency */ = {
			isa = PBXTargetDependency;
			target = 1F3E95A72018D66400B5BD84 /* TacTimeWatch WatchKit App */;
			targetProxy = 1F3E95AA2018D66400B5BD84 /* PBXContainerItemProxy */;
		};
		1F3E95BA2018D66400B5BD84 /* PBXTargetDependency */ = {
			isa = PBXTargetDependency;
			target = 1F3E95B62018D66400B5BD84 /* TacTimeWatch WatchKit Extension */;
			targetProxy = 1F3E95B92018D66400B5BD84 /* PBXContainerItemProxy */;
		};
/* End PBXTargetDependency section */

/* Begin PBXVariantGroup section */
		1F3E959D2018D66400B5BD84 /* Main.storyboard */ = {
			isa = PBXVariantGroup;
			children = (
				1F3E959E2018D66400B5BD84 /* Base */,
			);
			name = Main.storyboard;
			sourceTree = "<group>";
		};
		1F3E95A22018D66400B5BD84 /* LaunchScreen.storyboard */ = {
			isa = PBXVariantGroup;
			children = (
				1F3E95A32018D66400B5BD84 /* Base */,
			);
			name = LaunchScreen.storyboard;
			sourceTree = "<group>";
		};
		1F3E95AD2018D66400B5BD84 /* Interface.storyboard */ = {
			isa = PBXVariantGroup;
			children = (
				1F3E95AE2018D66400B5BD84 /* Base */,
			);
			name = Interface.storyboard;
			sourceTree = "<group>";
		};
/* End PBXVariantGroup section */

/* Begin XCBuildConfiguration section */
		1F3E95C82018D66400B5BD84 /* Debug */ = {
			isa = XCBuildConfiguration;
			buildSettings = {
				ALWAYS_SEARCH_USER_PATHS = NO;
				CLANG_ANALYZER_NONNULL = YES;
				CLANG_ANALYZER_NUMBER_OBJECT_CONVERSION = YES_AGGRESSIVE;
				CLANG_CXX_LANGUAGE_STANDARD = "gnu++14";
				CLANG_CXX_LIBRARY = "libc++";
				CLANG_ENABLE_MODULES = YES;
				CLANG_ENABLE_OBJC_ARC = YES;
				CLANG_WARN_BLOCK_CAPTURE_AUTORELEASING = YES;
				CLANG_WARN_BOOL_CONVERSION = YES;
				CLANG_WARN_COMMA = YES;
				CLANG_WARN_CONSTANT_CONVERSION = YES;
				CLANG_WARN_DIRECT_OBJC_ISA_USAGE = YES_ERROR;
				CLANG_WARN_DOCUMENTATION_COMMENTS = YES;
				CLANG_WARN_EMPTY_BODY = YES;
				CLANG_WARN_ENUM_CONVERSION = YES;
				CLANG_WARN_INFINITE_RECURSION = YES;
				CLANG_WARN_INT_CONVERSION = YES;
				CLANG_WARN_NON_LITERAL_NULL_CONVERSION = YES;
				CLANG_WARN_OBJC_LITERAL_CONVERSION = YES;
				CLANG_WARN_OBJC_ROOT_CLASS = YES_ERROR;
				CLANG_WARN_RANGE_LOOP_ANALYSIS = YES;
				CLANG_WARN_STRICT_PROTOTYPES = YES;
				CLANG_WARN_SUSPICIOUS_MOVE = YES;
				CLANG_WARN_UNGUARDED_AVAILABILITY = YES_AGGRESSIVE;
				CLANG_WARN_UNREACHABLE_CODE = YES;
				CLANG_WARN__DUPLICATE_METHOD_MATCH = YES;
				CODE_SIGN_IDENTITY = "iPhone Developer";
				COPY_PHASE_STRIP = NO;
				DEBUG_INFORMATION_FORMAT = dwarf;
				ENABLE_STRICT_OBJC_MSGSEND = YES;
				ENABLE_TESTABILITY = YES;
				GCC_C_LANGUAGE_STANDARD = gnu11;
				GCC_DYNAMIC_NO_PIC = NO;
				GCC_NO_COMMON_BLOCKS = YES;
				GCC_OPTIMIZATION_LEVEL = 0;
				GCC_PREPROCESSOR_DEFINITIONS = (
					"DEBUG=1",
					"$(inherited)",
				);
				GCC_WARN_64_TO_32_BIT_CONVERSION = YES;
				GCC_WARN_ABOUT_RETURN_TYPE = YES_ERROR;
				GCC_WARN_UNDECLARED_SELECTOR = YES;
				GCC_WARN_UNINITIALIZED_AUTOS = YES_AGGRESSIVE;
				GCC_WARN_UNUSED_FUNCTION = YES;
				GCC_WARN_UNUSED_VARIABLE = YES;
				IPHONEOS_DEPLOYMENT_TARGET = 11.2;
				MTL_ENABLE_DEBUG_INFO = YES;
				ONLY_ACTIVE_ARCH = YES;
				SDKROOT = iphoneos;
				SWIFT_ACTIVE_COMPILATION_CONDITIONS = DEBUG;
				SWIFT_OPTIMIZATION_LEVEL = "-Onone";
			};
			name = Debug;
		};
		1F3E95C92018D66400B5BD84 /* Release */ = {
			isa = XCBuildConfiguration;
			buildSettings = {
				ALWAYS_SEARCH_USER_PATHS = NO;
				CLANG_ANALYZER_NONNULL = YES;
				CLANG_ANALYZER_NUMBER_OBJECT_CONVERSION = YES_AGGRESSIVE;
				CLANG_CXX_LANGUAGE_STANDARD = "gnu++14";
				CLANG_CXX_LIBRARY = "libc++";
				CLANG_ENABLE_MODULES = YES;
				CLANG_ENABLE_OBJC_ARC = YES;
				CLANG_WARN_BLOCK_CAPTURE_AUTORELEASING = YES;
				CLANG_WARN_BOOL_CONVERSION = YES;
				CLANG_WARN_COMMA = YES;
				CLANG_WARN_CONSTANT_CONVERSION = YES;
				CLANG_WARN_DIRECT_OBJC_ISA_USAGE = YES_ERROR;
				CLANG_WARN_DOCUMENTATION_COMMENTS = YES;
				CLANG_WARN_EMPTY_BODY = YES;
				CLANG_WARN_ENUM_CONVERSION = YES;
				CLANG_WARN_INFINITE_RECURSION = YES;
				CLANG_WARN_INT_CONVERSION = YES;
				CLANG_WARN_NON_LITERAL_NULL_CONVERSION = YES;
				CLANG_WARN_OBJC_LITERAL_CONVERSION = YES;
				CLANG_WARN_OBJC_ROOT_CLASS = YES_ERROR;
				CLANG_WARN_RANGE_LOOP_ANALYSIS = YES;
				CLANG_WARN_STRICT_PROTOTYPES = YES;
				CLANG_WARN_SUSPICIOUS_MOVE = YES;
				CLANG_WARN_UNGUARDED_AVAILABILITY = YES_AGGRESSIVE;
				CLANG_WARN_UNREACHABLE_CODE = YES;
				CLANG_WARN__DUPLICATE_METHOD_MATCH = YES;
				CODE_SIGN_IDENTITY = "iPhone Developer";
				COPY_PHASE_STRIP = NO;
				DEBUG_INFORMATION_FORMAT = "dwarf-with-dsym";
				ENABLE_NS_ASSERTIONS = NO;
				ENABLE_STRICT_OBJC_MSGSEND = YES;
				GCC_C_LANGUAGE_STANDARD = gnu11;
				GCC_NO_COMMON_BLOCKS = YES;
				GCC_WARN_64_TO_32_BIT_CONVERSION = YES;
				GCC_WARN_ABOUT_RETURN_TYPE = YES_ERROR;
				GCC_WARN_UNDECLARED_SELECTOR = YES;
				GCC_WARN_UNINITIALIZED_AUTOS = YES_AGGRESSIVE;
				GCC_WARN_UNUSED_FUNCTION = YES;
				GCC_WARN_UNUSED_VARIABLE = YES;
				IPHONEOS_DEPLOYMENT_TARGET = 11.2;
				MTL_ENABLE_DEBUG_INFO = NO;
				SDKROOT = iphoneos;
				SWIFT_OPTIMIZATION_LEVEL = "-Owholemodule";
				VALIDATE_PRODUCT = YES;
			};
			name = Release;
		};
		1F3E95CB2018D66400B5BD84 /* Debug */ = {
			isa = XCBuildConfiguration;
			buildSettings = {
				ASSETCATALOG_COMPILER_COMPLICATION_NAME = Complication;
				CODE_SIGN_STYLE = Automatic;
				DEVELOPMENT_TEAM = 974PYRN6CZ;
				INFOPLIST_FILE = "TacTimeWatch WatchKit Extension/Info.plist";
				LD_RUNPATH_SEARCH_PATHS = "$(inherited) @executable_path/Frameworks @executable_path/../../Frameworks";
				PRODUCT_BUNDLE_IDENTIFIER = bibek.TacTimeWatch.watchkitapp.watchkitextension;
				PRODUCT_NAME = "${TARGET_NAME}";
				SDKROOT = watchos;
				SKIP_INSTALL = YES;
				SWIFT_VERSION = 4.0;
				TARGETED_DEVICE_FAMILY = 4;
				WATCHOS_DEPLOYMENT_TARGET = 4.0;
			};
			name = Debug;
		};
		1F3E95CC2018D66400B5BD84 /* Release */ = {
			isa = XCBuildConfiguration;
			buildSettings = {
				ASSETCATALOG_COMPILER_COMPLICATION_NAME = Complication;
				CODE_SIGN_STYLE = Automatic;
				DEVELOPMENT_TEAM = 974PYRN6CZ;
				INFOPLIST_FILE = "TacTimeWatch WatchKit Extension/Info.plist";
				LD_RUNPATH_SEARCH_PATHS = "$(inherited) @executable_path/Frameworks @executable_path/../../Frameworks";
				PRODUCT_BUNDLE_IDENTIFIER = bibek.TacTimeWatch.watchkitapp.watchkitextension;
				PRODUCT_NAME = "${TARGET_NAME}";
				SDKROOT = watchos;
				SKIP_INSTALL = YES;
				SWIFT_VERSION = 4.0;
				TARGETED_DEVICE_FAMILY = 4;
				WATCHOS_DEPLOYMENT_TARGET = 4.0;
			};
			name = Release;
		};
		1F3E95CF2018D66400B5BD84 /* Debug */ = {
			isa = XCBuildConfiguration;
			buildSettings = {
				ALWAYS_EMBED_SWIFT_STANDARD_LIBRARIES = YES;
				ASSETCATALOG_COMPILER_APPICON_NAME = AppIcon;
				CLANG_ENABLE_MODULES = YES;
				"CODE_SIGN_IDENTITY[sdk=watchos*]" = "iPhone Developer";
				CODE_SIGN_STYLE = Automatic;
				DEVELOPMENT_TEAM = 974PYRN6CZ;
				IBSC_MODULE = TacTimeWatch_WatchKit_Extension;
				INFOPLIST_FILE = "TacTimeWatch WatchKit App/Info.plist";
				LD_RUNPATH_SEARCH_PATHS = "$(inherited) @executable_path/../Frameworks @loader_path/../Frameworks";
				PRODUCT_BUNDLE_IDENTIFIER = bibek.TacTimeWatch.watchkitapp;
				PRODUCT_NAME = "$(TARGET_NAME)";
				PROVISIONING_PROFILE_SPECIFIER = "";
				SDKROOT = watchos;
				SKIP_INSTALL = YES;
				SWIFT_OBJC_BRIDGING_HEADER = "TacTimeWatch WatchKit App-Bridging-Header.h";
				SWIFT_OPTIMIZATION_LEVEL = "-Onone";
				SWIFT_VERSION = 4.0;
				TARGETED_DEVICE_FAMILY = 4;
				WATCHOS_DEPLOYMENT_TARGET = 4.0;
			};
			name = Debug;
		};
		1F3E95D02018D66400B5BD84 /* Release */ = {
			isa = XCBuildConfiguration;
			buildSettings = {
				ALWAYS_EMBED_SWIFT_STANDARD_LIBRARIES = YES;
				ASSETCATALOG_COMPILER_APPICON_NAME = AppIcon;
				CLANG_ENABLE_MODULES = YES;
				"CODE_SIGN_IDENTITY[sdk=watchos*]" = "iPhone Developer";
				CODE_SIGN_STYLE = Automatic;
				DEVELOPMENT_TEAM = 974PYRN6CZ;
				IBSC_MODULE = TacTimeWatch_WatchKit_Extension;
				INFOPLIST_FILE = "TacTimeWatch WatchKit App/Info.plist";
				LD_RUNPATH_SEARCH_PATHS = "$(inherited) @executable_path/../Frameworks @loader_path/../Frameworks";
				PRODUCT_BUNDLE_IDENTIFIER = bibek.TacTimeWatch.watchkitapp;
				PRODUCT_NAME = "$(TARGET_NAME)";
				PROVISIONING_PROFILE_SPECIFIER = "";
				SDKROOT = watchos;
				SKIP_INSTALL = YES;
				SWIFT_OBJC_BRIDGING_HEADER = "TacTimeWatch WatchKit App-Bridging-Header.h";
				SWIFT_VERSION = 4.0;
				TARGETED_DEVICE_FAMILY = 4;
				WATCHOS_DEPLOYMENT_TARGET = 4.0;
			};
			name = Release;
		};
		1F3E95D32018D66400B5BD84 /* Debug */ = {
			isa = XCBuildConfiguration;
			buildSettings = {
				ASSETCATALOG_COMPILER_APPICON_NAME = AppIcon;
				CODE_SIGN_STYLE = Automatic;
				DEVELOPMENT_TEAM = 974PYRN6CZ;
				INFOPLIST_FILE = TacTimeWatch/Info.plist;
				LD_RUNPATH_SEARCH_PATHS = "$(inherited) @executable_path/Frameworks";
				PRODUCT_BUNDLE_IDENTIFIER = bibek.TacTimeWatch;
				PRODUCT_NAME = "$(TARGET_NAME)";
				SWIFT_VERSION = 4.0;
				TARGETED_DEVICE_FAMILY = "1,2";
			};
			name = Debug;
		};
		1F3E95D42018D66400B5BD84 /* Release */ = {
			isa = XCBuildConfiguration;
			buildSettings = {
				ASSETCATALOG_COMPILER_APPICON_NAME = AppIcon;
				CODE_SIGN_STYLE = Automatic;
				DEVELOPMENT_TEAM = 974PYRN6CZ;
				INFOPLIST_FILE = TacTimeWatch/Info.plist;
				LD_RUNPATH_SEARCH_PATHS = "$(inherited) @executable_path/Frameworks";
				PRODUCT_BUNDLE_IDENTIFIER = bibek.TacTimeWatch;
				PRODUCT_NAME = "$(TARGET_NAME)";
				SWIFT_VERSION = 4.0;
				TARGETED_DEVICE_FAMILY = "1,2";
			};
			name = Release;
		};
/* End XCBuildConfiguration section */

/* Begin XCConfigurationList section */
		1F3E95912018D66400B5BD84 /* Build configuration list for PBXProject "TacTimeWatch" */ = {
			isa = XCConfigurationList;
			buildConfigurations = (
				1F3E95C82018D66400B5BD84 /* Debug */,
				1F3E95C92018D66400B5BD84 /* Release */,
			);
			defaultConfigurationIsVisible = 0;
			defaultConfigurationName = Release;
		};
		1F3E95CA2018D66400B5BD84 /* Build configuration list for PBXNativeTarget "TacTimeWatch WatchKit Extension" */ = {
			isa = XCConfigurationList;
			buildConfigurations = (
				1F3E95CB2018D66400B5BD84 /* Debug */,
				1F3E95CC2018D66400B5BD84 /* Release */,
			);
			defaultConfigurationIsVisible = 0;
			defaultConfigurationName = Release;
		};
		1F3E95CE2018D66400B5BD84 /* Build configuration list for PBXNativeTarget "TacTimeWatch WatchKit App" */ = {
			isa = XCConfigurationList;
			buildConfigurations = (
				1F3E95CF2018D66400B5BD84 /* Debug */,
				1F3E95D02018D66400B5BD84 /* Release */,
			);
			defaultConfigurationIsVisible = 0;
			defaultConfigurationName = Release;
		};
		1F3E95D22018D66400B5BD84 /* Build configuration list for PBXNativeTarget "TacTimeWatch" */ = {
			isa = XCConfigurationList;
			buildConfigurations = (
				1F3E95D32018D66400B5BD84 /* Debug */,
				1F3E95D42018D66400B5BD84 /* Release */,
			);
			defaultConfigurationIsVisible = 0;
			defaultConfigurationName = Release;
		};
/* End XCConfigurationList section */

/* Begin XCVersionGroup section */
		1F3E95D72018E2FE00B5BD84 /* WatchCoreDataModel.xcdatamodeld */ = {
			isa = XCVersionGroup;
			children = (
				1F3E95D82018E2FE00B5BD84 /* WatchCoreDataModel.xcdatamodel */,
			);
			currentVersion = 1F3E95D82018E2FE00B5BD84 /* WatchCoreDataModel.xcdatamodel */;
			path = WatchCoreDataModel.xcdatamodeld;
			sourceTree = "<group>";
			versionGroupType = wrapper.xcdatamodel;
		};
/* End XCVersionGroup section */
	};
	rootObject = 1F3E958E2018D66400B5BD84 /* Project object */;
}
